
Microsoft Visual Studio Solution File, Format Version 12.00
# Visual Studio Version 17
VisualStudioVersion = 17.9.34701.34
MinimumVisualStudioVersion = 10.0.40219.1
Project("{FAE04EC0-301F-11D3-BF4B-00C04F79EFBC}") = "Allatok2", "Allatok2\Allatok2.csproj", "{CAA9E992-17D6-492C-87CC-355967BDBC74}"
EndProject
Global
	GlobalSection(SolutionConfigurationPlatforms) = preSolution
		Debug|Any CPU = Debug|Any CPU
		Release|Any CPU = Release|Any CPU
	EndGlobalSection
	GlobalSection(ProjectConfigurationPlatforms) = postSolution
		{CAA9E992-17D6-492C-87CC-355967BDBC74}.Debug|Any CPU.ActiveCfg = Debug|Any CPU
		{CAA9E992-17D6-492C-87CC-355967BDBC74}.Debug|Any CPU.Build.0 = Debug|Any CPU
		{CAA9E992-17D6-492C-87CC-355967BDBC74}.Release|Any CPU.ActiveCfg = Release|Any CPU
		{CAA9E992-17D6-492C-87CC-355967BDBC74}.Release|Any CPU.Build.0 = Release|Any CPU
	EndGlobalSection
	GlobalSection(SolutionProperties) = preSolution
		HideSolutionNode = FALSE
	EndGlobalSection
	GlobalSection(ExtensibilityGlobals) = postSolution
		SolutionGuid = {DCDCE674-7C88-438D-AFAF-5A94C458CA1E}
	EndGlobalSection
EndGlobal
